<?xml version="1.0" encoding="utf-8"?>
<Project ToolsVersion="4.0" xmlns="http://schemas.microsoft.com/developer/msbuild/2003">
  <ItemGroup>
    <Filter Include="core">
      <UniqueIdentifier>{78f60042-e336-4da5-8eb7-77b7190ceaed}</UniqueIdentifier>
    </Filter>
    <Filter Include="core\libs">
      <UniqueIdentifier>{cfb140e5-257c-4165-af3f-9d1241e493ce}</UniqueIdentifier>
    </Filter>
  </ItemGroup>
  <ItemGroup>
    <ClInclude Include="pch.h" />
    <ClInclude Include="patch.h">
      <Filter>core\libs</Filter>
    </ClInclude>
    <ClInclude Include="client.h">
      <Filter>core\libs</Filter>
    </ClInclude>
    <ClInclude Include="loader.h">
      <Filter>core</Filter>
    </ClInclude>
  </ItemGroup>
  <ItemGroup>
    <ClCompile Include="pch.cpp" />
    <ClCompile Include="dllmain.cpp">
      <Filter>core</Filter>
    </ClCompile>
    <ClCompile Include="patch.cpp">
      <Filter>core\libs</Filter>
    </ClCompile>
    <ClCompile Include="client.cpp">
      <Filter>core\libs</Filter>
    </ClCompile>
    <ClCompile Include="loader.cpp">
      <Filter>core</Filter>
    </ClCompile>
  </ItemGroup>
  <ItemGroup>
    <None Include=".clang-format" />
  </ItemGroup>
</Project>